
Microsoft Visual Studio Solution File, Format Version 12.00
# Visual Studio 14
VisualStudioVersion = 14.0.22310.1
MinimumVisualStudioVersion = 10.0.40219.1
Project("{FAE04EC0-301F-11D3-BF4B-00C04F79EFBC}") = "AutoProperty", "AutoProperty\AutoProperty.csproj", "{AFB7B16C-BC6A-4499-9329-2EEB42FBCDA7}"
EndProject
Project("{FAE04EC0-301F-11D3-BF4B-00C04F79EFBC}") = "Structs", "Structs\Structs.csproj", "{F082AC84-C36E-481E-85D8-F6963538622B}"
EndProject
Project("{FAE04EC0-301F-11D3-BF4B-00C04F79EFBC}") = "StaticMembers", "StaticMembers\StaticMembers.csproj", "{5490A668-7E34-436E-9E4C-1F918855E712}"
EndProject
Project("{FAE04EC0-301F-11D3-BF4B-00C04F79EFBC}") = "DictionaryInitializer", "DictionaryInitializer\DictionaryInitializer.csproj", "{376FAB27-F9BE-499E-99A2-B696FA90FC7C}"
EndProject
Project("{FAE04EC0-301F-11D3-BF4B-00C04F79EFBC}") = "AwaitInCatchFinally", "AwaitInCatchFinally\AwaitInCatchFinally.csproj", "{558A20E6-E44B-45A2-AE34-AE8D380B49FD}"
EndProject
Project("{FAE04EC0-301F-11D3-BF4B-00C04F79EFBC}") = "ExceptionFilters", "ExceptionFilters\ExceptionFilters.csproj", "{59E3F1DE-E81B-4663-BC99-4E7A3F4E9668}"
EndProject
Global
	GlobalSection(SolutionConfigurationPlatforms) = preSolution
		Debug|Any CPU = Debug|Any CPU
		Release|Any CPU = Release|Any CPU
	EndGlobalSection
	GlobalSection(ProjectConfigurationPlatforms) = postSolution
		{AFB7B16C-BC6A-4499-9329-2EEB42FBCDA7}.Debug|Any CPU.ActiveCfg = Debug|Any CPU
		{AFB7B16C-BC6A-4499-9329-2EEB42FBCDA7}.Debug|Any CPU.Build.0 = Debug|Any CPU
		{AFB7B16C-BC6A-4499-9329-2EEB42FBCDA7}.Release|Any CPU.ActiveCfg = Release|Any CPU
		{AFB7B16C-BC6A-4499-9329-2EEB42FBCDA7}.Release|Any CPU.Build.0 = Release|Any CPU
		{F082AC84-C36E-481E-85D8-F6963538622B}.Debug|Any CPU.ActiveCfg = Debug|Any CPU
		{F082AC84-C36E-481E-85D8-F6963538622B}.Debug|Any CPU.Build.0 = Debug|Any CPU
		{F082AC84-C36E-481E-85D8-F6963538622B}.Release|Any CPU.ActiveCfg = Release|Any CPU
		{F082AC84-C36E-481E-85D8-F6963538622B}.Release|Any CPU.Build.0 = Release|Any CPU
		{5490A668-7E34-436E-9E4C-1F918855E712}.Debug|Any CPU.ActiveCfg = Debug|Any CPU
		{5490A668-7E34-436E-9E4C-1F918855E712}.Debug|Any CPU.Build.0 = Debug|Any CPU
		{5490A668-7E34-436E-9E4C-1F918855E712}.Release|Any CPU.ActiveCfg = Release|Any CPU
		{5490A668-7E34-436E-9E4C-1F918855E712}.Release|Any CPU.Build.0 = Release|Any CPU
		{376FAB27-F9BE-499E-99A2-B696FA90FC7C}.Debug|Any CPU.ActiveCfg = Debug|Any CPU
		{376FAB27-F9BE-499E-99A2-B696FA90FC7C}.Debug|Any CPU.Build.0 = Debug|Any CPU
		{376FAB27-F9BE-499E-99A2-B696FA90FC7C}.Release|Any CPU.ActiveCfg = Release|Any CPU
		{376FAB27-F9BE-499E-99A2-B696FA90FC7C}.Release|Any CPU.Build.0 = Release|Any CPU
		{558A20E6-E44B-45A2-AE34-AE8D380B49FD}.Debug|Any CPU.ActiveCfg = Debug|Any CPU
		{558A20E6-E44B-45A2-AE34-AE8D380B49FD}.Debug|Any CPU.Build.0 = Debug|Any CPU
		{558A20E6-E44B-45A2-AE34-AE8D380B49FD}.Release|Any CPU.ActiveCfg = Release|Any CPU
		{558A20E6-E44B-45A2-AE34-AE8D380B49FD}.Release|Any CPU.Build.0 = Release|Any CPU
		{59E3F1DE-E81B-4663-BC99-4E7A3F4E9668}.Debug|Any CPU.ActiveCfg = Debug|Any CPU
		{59E3F1DE-E81B-4663-BC99-4E7A3F4E9668}.Debug|Any CPU.Build.0 = Debug|Any CPU
		{59E3F1DE-E81B-4663-BC99-4E7A3F4E9668}.Release|Any CPU.ActiveCfg = Release|Any CPU
		{59E3F1DE-E81B-4663-BC99-4E7A3F4E9668}.Release|Any CPU.Build.0 = Release|Any CPU
	EndGlobalSection
	GlobalSection(SolutionProperties) = preSolution
		HideSolutionNode = FALSE
	EndGlobalSection
EndGlobal
